// !$*UTF8*$!
{
	archiveVersion = 1;
	classes = {
	};
	objectVersion = 45;
	objects = {

/* Begin PBXBuildFile section */
		DFE2F8C210E61242008E71F5 /* application.cpp in Sources */ = {isa = PBXBuildFile; fileRef = DFE2F8B010E61242008E71F5 /* application.cpp */; };
		DFE2F8C310E61242008E71F5 /* application.h in Headers */ = {isa = PBXBuildFile; fileRef = DFE2F8B110E61242008E71F5 /* application.h */; };
		DFE2F8C410E61242008E71F5 /* client.cpp in Sources */ = {isa = PBXBuildFile; fileRef = DFE2F8B210E61242008E71F5 /* client.cpp */; };
		DFE2F8C510E61242008E71F5 /* client.h in Headers */ = {isa = PBXBuildFile; fileRef = DFE2F8B310E61242008E71F5 /* client.h */; };
		DFE2F8C610E61242008E71F5 /* cookie.cpp in Sources */ = {isa = PBXBuildFile; fileRef = DFE2F8B410E61242008E71F5 /* cookie.cpp */; };
		DFE2F8C710E61242008E71F5 /* cookie.h in Headers */ = {isa = PBXBuildFile; fileRef = DFE2F8B510E61242008E71F5 /* cookie.h */; };
		DFE2F8C810E61242008E71F5 /* InfoPlist.strings in Resources */ = {isa = PBXBuildFile; fileRef = DFE2F8B610E61242008E71F5 /* InfoPlist.strings */; };
		DFE2F8C910E61242008E71F5 /* firewall.cpp in Sources */ = {isa = PBXBuildFile; fileRef = DFE2F8B810E61242008E71F5 /* firewall.cpp */; };
		DFE2F8CA10E61242008E71F5 /* firewall.h in Headers */ = {isa = PBXBuildFile; fileRef = DFE2F8B910E61242008E71F5 /* firewall.h */; };
		DFE2F8CB10E61242008E71F5 /* Info.plist in Resources */ = {isa = PBXBuildFile; fileRef = DFE2F8BA10E61242008E71F5 /* Info.plist */; };
		DFE2F8CC10E61242008E71F5 /* messages.cpp in Sources */ = {isa = PBXBuildFile; fileRef = DFE2F8BB10E61242008E71F5 /* messages.cpp */; };
		DFE2F8CD10E61242008E71F5 /* messages.h in Headers */ = {isa = PBXBuildFile; fileRef = DFE2F8BC10E61242008E71F5 /* messages.h */; };
		DFE2F8CE10E61242008E71F5 /* rule.cpp in Sources */ = {isa = PBXBuildFile; fileRef = DFE2F8BD10E61242008E71F5 /* rule.cpp */; };
		DFE2F8CF10E61242008E71F5 /* rule.h in Headers */ = {isa = PBXBuildFile; fileRef = DFE2F8BE10E61242008E71F5 /* rule.h */; };
		DFE2F8D010E61242008E71F5 /* simpleBase.cpp in Sources */ = {isa = PBXBuildFile; fileRef = DFE2F8BF10E61242008E71F5 /* simpleBase.cpp */; };
		DFE2F8D110E61242008E71F5 /* simpleBase.h in Headers */ = {isa = PBXBuildFile; fileRef = DFE2F8C010E61242008E71F5 /* simpleBase.h */; };
		DFE2F8D210E61242008E71F5 /* watch.cpp in Sources */ = {isa = PBXBuildFile; fileRef = DFE2F8C110E61242008E71F5 /* watch.cpp */; };
		DFE2F8DB10E61276008E71F5 /* Console.cpp in Sources */ = {isa = PBXBuildFile; fileRef = DFE2F8D910E61276008E71F5 /* Console.cpp */; };
		DFE2F8F510E6143D008E71F5 /* ServerConnection.cpp in Sources */ = {isa = PBXBuildFile; fileRef = DFE2F8D610E6125B008E71F5 /* ServerConnection.cpp */; };
		DFE2F90F10E6150F008E71F5 /* Info.plist in Resources */ = {isa = PBXBuildFile; fileRef = DFE2F90E10E6150F008E71F5 /* Info.plist */; };
		DFE2F91310E61572008E71F5 /* Main.xib in Resources */ = {isa = PBXBuildFile; fileRef = DFE2F91210E61572008E71F5 /* Main.xib */; };
/* End PBXBuildFile section */

/* Begin PBXBuildRule section */
		DF7F266D0F04D6AF0084F62D /* PBXBuildRule */ = {
			isa = PBXBuildRule;
			compilerSpec = com.apple.compilers.gcc.4_2;
			fileType = sourcecode.cpp;
			isEditable = 1;
			outputFiles = (
			);
		};
		DF7F266E0F04D6E40084F62D /* PBXBuildRule */ = {
			isa = PBXBuildRule;
			compilerSpec = com.apple.compilers.gcc.4_2;
			fileType = sourcecode.asm;
			isEditable = 1;
			outputFiles = (
			);
		};
/* End PBXBuildRule section */

/* Begin PBXFileReference section */
		32A4FEC40562C75800D090E7 /* Watch.kext */ = {isa = PBXFileReference; explicitFileType = wrapper.cfbundle; includeInIndex = 0; path = Watch.kext; sourceTree = BUILT_PRODUCTS_DIR; };
		DF0F09F60F250DA400DBDD52 /* IOKit.framework */ = {isa = PBXFileReference; lastKnownFileType = wrapper.framework; name = IOKit.framework; path = System/Library/Frameworks/IOKit.framework; sourceTree = SDKROOT; };
		DF7F26680F04D5AC0084F62D /* WatchConsole */ = {isa = PBXFileReference; explicitFileType = "compiled.mach-o.executable"; includeInIndex = 0; path = WatchConsole; sourceTree = BUILT_PRODUCTS_DIR; };
		DF82061B0F1A64CB0046C608 /* Kernel.framework */ = {isa = PBXFileReference; explicitFileType = wrapper.framework.static; name = Kernel.framework; path = System/Library/Frameworks/Kernel.framework; sourceTree = SDKROOT; };
		DFE2F8B010E61242008E71F5 /* application.cpp */ = {isa = PBXFileReference; fileEncoding = 4; lastKnownFileType = sourcecode.cpp.cpp; path = application.cpp; sourceTree = "<group>"; };
		DFE2F8B110E61242008E71F5 /* application.h */ = {isa = PBXFileReference; fileEncoding = 4; lastKnownFileType = sourcecode.c.h; path = application.h; sourceTree = "<group>"; };
		DFE2F8B210E61242008E71F5 /* client.cpp */ = {isa = PBXFileReference; fileEncoding = 4; lastKnownFileType = sourcecode.cpp.cpp; path = client.cpp; sourceTree = "<group>"; };
		DFE2F8B310E61242008E71F5 /* client.h */ = {isa = PBXFileReference; fileEncoding = 4; lastKnownFileType = sourcecode.c.h; path = client.h; sourceTree = "<group>"; };
		DFE2F8B410E61242008E71F5 /* cookie.cpp */ = {isa = PBXFileReference; fileEncoding = 4; lastKnownFileType = sourcecode.cpp.cpp; path = cookie.cpp; sourceTree = "<group>"; };
		DFE2F8B510E61242008E71F5 /* cookie.h */ = {isa = PBXFileReference; fileEncoding = 4; lastKnownFileType = sourcecode.c.h; path = cookie.h; sourceTree = "<group>"; };
		DFE2F8B710E61242008E71F5 /* English */ = {isa = PBXFileReference; fileEncoding = 4; lastKnownFileType = text.plist.strings; name = English; path = English.lproj/InfoPlist.strings; sourceTree = "<group>"; };
		DFE2F8B810E61242008E71F5 /* firewall.cpp */ = {isa = PBXFileReference; fileEncoding = 4; lastKnownFileType = sourcecode.cpp.cpp; path = firewall.cpp; sourceTree = "<group>"; };
		DFE2F8B910E61242008E71F5 /* firewall.h */ = {isa = PBXFileReference; fileEncoding = 4; lastKnownFileType = sourcecode.c.h; path = firewall.h; sourceTree = "<group>"; };
		DFE2F8BA10E61242008E71F5 /* Info.plist */ = {isa = PBXFileReference; fileEncoding = 4; lastKnownFileType = text.plist.xml; path = Info.plist; sourceTree = "<group>"; };
		DFE2F8BB10E61242008E71F5 /* messages.cpp */ = {isa = PBXFileReference; fileEncoding = 4; lastKnownFileType = sourcecode.cpp.cpp; path = messages.cpp; sourceTree = "<group>"; };
		DFE2F8BC10E61242008E71F5 /* messages.h */ = {isa = PBXFileReference; fileEncoding = 4; lastKnownFileType = sourcecode.c.h; path = messages.h; sourceTree = "<group>"; };
		DFE2F8BD10E61242008E71F5 /* rule.cpp */ = {isa = PBXFileReference; fileEncoding = 4; lastKnownFileType = sourcecode.cpp.cpp; path = rule.cpp; sourceTree = "<group>"; };
		DFE2F8BE10E61242008E71F5 /* rule.h */ = {isa = PBXFileReference; fileEncoding = 4; lastKnownFileType = sourcecode.c.h; path = rule.h; sourceTree = "<group>"; };
		DFE2F8BF10E61242008E71F5 /* simpleBase.cpp */ = {isa = PBXFileReference; fileEncoding = 4; lastKnownFileType = sourcecode.cpp.cpp; path = simpleBase.cpp; sourceTree = "<group>"; };
		DFE2F8C010E61242008E71F5 /* simpleBase.h */ = {isa = PBXFileReference; fileEncoding = 4; lastKnownFileType = sourcecode.c.h; path = simpleBase.h; sourceTree = "<group>"; };
		DFE2F8C110E61242008E71F5 /* watch.cpp */ = {isa = PBXFileReference; fileEncoding = 4; lastKnownFileType = sourcecode.cpp.cpp; path = watch.cpp; sourceTree = "<group>"; };
		DFE2F8D410E6125B008E71F5 /* bundleid.h */ = {isa = PBXFileReference; fileEncoding = 4; lastKnownFileType = sourcecode.c.h; path = bundleid.h; sourceTree = "<group>"; };
		DFE2F8D510E6125B008E71F5 /* messageType.h */ = {isa = PBXFileReference; fileEncoding = 4; lastKnownFileType = sourcecode.c.h; path = messageType.h; sourceTree = "<group>"; };
		DFE2F8D610E6125B008E71F5 /* ServerConnection.cpp */ = {isa = PBXFileReference; fileEncoding = 4; lastKnownFileType = sourcecode.cpp.cpp; path = ServerConnection.cpp; sourceTree = "<group>"; };
		DFE2F8D710E6125B008E71F5 /* ServerConnection.h */ = {isa = PBXFileReference; fileEncoding = 4; lastKnownFileType = sourcecode.c.h; path = ServerConnection.h; sourceTree = "<group>"; };
		DFE2F8D910E61276008E71F5 /* Console.cpp */ = {isa = PBXFileReference; fileEncoding = 4; lastKnownFileType = sourcecode.cpp.cpp; path = Console.cpp; sourceTree = "<group>"; };
		DFE2F8DA10E61276008E71F5 /* Console.h */ = {isa = PBXFileReference; fileEncoding = 4; lastKnownFileType = sourcecode.c.h; path = Console.h; sourceTree = "<group>"; };
		DFE2F8FE10E61487008E71F5 /* AppTest.app */ = {isa = PBXFileReference; explicitFileType = wrapper.application; includeInIndex = 0; path = AppTest.app; sourceTree = BUILT_PRODUCTS_DIR; };
		DFE2F90E10E6150F008E71F5 /* Info.plist */ = {isa = PBXFileReference; fileEncoding = 4; lastKnownFileType = text.plist.xml; path = Info.plist; sourceTree = "<group>"; };
		DFE2F91210E61572008E71F5 /* Main.xib */ = {isa = PBXFileReference; lastKnownFileType = file.xib; path = Main.xib; sourceTree = "<group>"; };
/* End PBXFileReference section */

/* Begin PBXFrameworksBuildPhase section */
		32A4FEBF0562C75700D090E7 /* Frameworks */ = {
			isa = PBXFrameworksBuildPhase;
			buildActionMask = 2147483647;
			files = (
			);
			runOnlyForDeploymentPostprocessing = 0;
		};
		DF7F26660F04D5AC0084F62D /* Frameworks */ = {
			isa = PBXFrameworksBuildPhase;
			buildActionMask = 2147483647;
			files = (
			);
			runOnlyForDeploymentPostprocessing = 0;
		};
		DFE2F8FC10E61487008E71F5 /* Frameworks */ = {
			isa = PBXFrameworksBuildPhase;
			buildActionMask = 2147483647;
			files = (
			);
			runOnlyForDeploymentPostprocessing = 0;
		};
/* End PBXFrameworksBuildPhase section */

/* Begin PBXGroup section */
		089C166AFE841209C02AAC07 /* Watch */ = {
			isa = PBXGroup;
			children = (
				DFE2F8DD10E612A5008E71F5 /* AppTest */,
				DFE2F8DC10E61294008E71F5 /* Daemon */,
				DFE2F8D810E61276008E71F5 /* ConsoleTest */,
				DFE2F8D310E6125B008E71F5 /* Shared */,
				DFE2F8AF10E61242008E71F5 /* Kext */,
				DF0F09F60F250DA400DBDD52 /* IOKit.framework */,
				DF82061B0F1A64CB0046C608 /* Kernel.framework */,
				19C28FB6FE9D52B211CA2CBB /* Products */,
			);
			name = Watch;
			sourceTree = "<group>";
		};
		19C28FB6FE9D52B211CA2CBB /* Products */ = {
			isa = PBXGroup;
			children = (
				32A4FEC40562C75800D090E7 /* Watch.kext */,
				DF7F26680F04D5AC0084F62D /* WatchConsole */,
				DFE2F8FE10E61487008E71F5 /* AppTest.app */,
			);
			name = Products;
			sourceTree = "<group>";
		};
		DFE2F8AF10E61242008E71F5 /* Kext */ = {
			isa = PBXGroup;
			children = (
				DFE2F8DE10E612EC008E71F5 /* Resources */,
				DFE2F8B010E61242008E71F5 /* application.cpp */,
				DFE2F8B110E61242008E71F5 /* application.h */,
				DFE2F8B210E61242008E71F5 /* client.cpp */,
				DFE2F8B310E61242008E71F5 /* client.h */,
				DFE2F8B410E61242008E71F5 /* cookie.cpp */,
				DFE2F8B510E61242008E71F5 /* cookie.h */,
				DFE2F8B810E61242008E71F5 /* firewall.cpp */,
				DFE2F8B910E61242008E71F5 /* firewall.h */,
				DFE2F8BB10E61242008E71F5 /* messages.cpp */,
				DFE2F8BC10E61242008E71F5 /* messages.h */,
				DFE2F8BD10E61242008E71F5 /* rule.cpp */,
				DFE2F8BE10E61242008E71F5 /* rule.h */,
				DFE2F8BF10E61242008E71F5 /* simpleBase.cpp */,
				DFE2F8C010E61242008E71F5 /* simpleBase.h */,
				DFE2F8C110E61242008E71F5 /* watch.cpp */,
			);
			path = Kext;
			sourceTree = "<group>";
		};
		DFE2F8D310E6125B008E71F5 /* Shared */ = {
			isa = PBXGroup;
			children = (
				DFE2F8D410E6125B008E71F5 /* bundleid.h */,
				DFE2F8D510E6125B008E71F5 /* messageType.h */,
				DFE2F8D610E6125B008E71F5 /* ServerConnection.cpp */,
				DFE2F8D710E6125B008E71F5 /* ServerConnection.h */,
			);
			path = Shared;
			sourceTree = "<group>";
		};
		DFE2F8D810E61276008E71F5 /* ConsoleTest */ = {
			isa = PBXGroup;
			children = (
				DFE2F8D910E61276008E71F5 /* Console.cpp */,
				DFE2F8DA10E61276008E71F5 /* Console.h */,
			);
			path = ConsoleTest;
			sourceTree = "<group>";
		};
		DFE2F8DC10E61294008E71F5 /* Daemon */ = {
			isa = PBXGroup;
			children = (
			);
			path = Daemon;
			sourceTree = "<group>";
		};
		DFE2F8DD10E612A5008E71F5 /* AppTest */ = {
			isa = PBXGroup;
			children = (
				DFE2F90410E614CB008E71F5 /* Resources */,
			);
			path = AppTest;
			sourceTree = "<group>";
		};
		DFE2F8DE10E612EC008E71F5 /* Resources */ = {
			isa = PBXGroup;
			children = (
				DFE2F8BA10E61242008E71F5 /* Info.plist */,
				DFE2F8B610E61242008E71F5 /* InfoPlist.strings */,
			);
			name = Resources;
			sourceTree = "<group>";
		};
		DFE2F90410E614CB008E71F5 /* Resources */ = {
			isa = PBXGroup;
			children = (
				DFE2F91210E61572008E71F5 /* Main.xib */,
				DFE2F90E10E6150F008E71F5 /* Info.plist */,
			);
			name = Resources;
			sourceTree = "<group>";
		};
/* End PBXGroup section */

/* Begin PBXHeadersBuildPhase section */
		32A4FEBA0562C75700D090E7 /* Headers */ = {
			isa = PBXHeadersBuildPhase;
			buildActionMask = 2147483647;
			files = (
				DFE2F8C310E61242008E71F5 /* application.h in Headers */,
				DFE2F8C510E61242008E71F5 /* client.h in Headers */,
				DFE2F8C710E61242008E71F5 /* cookie.h in Headers */,
				DFE2F8CA10E61242008E71F5 /* firewall.h in Headers */,
				DFE2F8CD10E61242008E71F5 /* messages.h in Headers */,
				DFE2F8CF10E61242008E71F5 /* rule.h in Headers */,
				DFE2F8D110E61242008E71F5 /* simpleBase.h in Headers */,
			);
			runOnlyForDeploymentPostprocessing = 0;
		};
/* End PBXHeadersBuildPhase section */

/* Begin PBXNativeTarget section */
		32A4FEB80562C75700D090E7 /* Watch */ = {
			isa = PBXNativeTarget;
			buildConfigurationList = 1DEB91C308733DAC0010E9CD /* Build configuration list for PBXNativeTarget "Watch" */;
			buildPhases = (
				32A4FEBA0562C75700D090E7 /* Headers */,
				32A4FEBB0562C75700D090E7 /* Resources */,
				32A4FEBD0562C75700D090E7 /* Sources */,
				32A4FEBF0562C75700D090E7 /* Frameworks */,
				32A4FEC00562C75700D090E7 /* Rez */,
			);
			buildRules = (
			);
			dependencies = (
			);
			name = Watch;
			productInstallPath = "$(SYSTEM_LIBRARY_DIR)/Extensions";
			productName = Watch;
			productReference = 32A4FEC40562C75800D090E7 /* Watch.kext */;
			productType = "com.apple.product-type.kernel-extension";
		};
		DF7F26670F04D5AC0084F62D /* WatchConsole */ = {
			isa = PBXNativeTarget;
			buildConfigurationList = DF7F266C0F04D5CB0084F62D /* Build configuration list for PBXNativeTarget "WatchConsole" */;
			buildPhases = (
				DF7F26650F04D5AC0084F62D /* Sources */,
				DF7F26660F04D5AC0084F62D /* Frameworks */,
			);
			buildRules = (
				DF7F266E0F04D6E40084F62D /* PBXBuildRule */,
				DF7F266D0F04D6AF0084F62D /* PBXBuildRule */,
			);
			dependencies = (
			);
			name = WatchConsole;
			productName = WatchConsole;
			productReference = DF7F26680F04D5AC0084F62D /* WatchConsole */;
			productType = "com.apple.product-type.tool";
		};
		DFE2F8FD10E61487008E71F5 /* AppTest */ = {
			isa = PBXNativeTarget;
			buildConfigurationList = DFE2F90310E61488008E71F5 /* Build configuration list for PBXNativeTarget "AppTest" */;
			buildPhases = (
				DFE2F8FA10E61487008E71F5 /* Resources */,
				DFE2F8FB10E61487008E71F5 /* Sources */,
				DFE2F8FC10E61487008E71F5 /* Frameworks */,
			);
			buildRules = (
			);
			dependencies = (
			);
			name = AppTest;
			productName = AppTest;
			productReference = DFE2F8FE10E61487008E71F5 /* AppTest.app */;
			productType = "com.apple.product-type.application";
		};
/* End PBXNativeTarget section */

/* Begin PBXProject section */
		089C1669FE841209C02AAC07 /* Project object */ = {
			isa = PBXProject;
			buildConfigurationList = 1DEB91C708733DAC0010E9CD /* Build configuration list for PBXProject "Watch" */;
			compatibilityVersion = "Xcode 3.1";
			hasScannedForEncodings = 1;
			mainGroup = 089C166AFE841209C02AAC07 /* Watch */;
			projectDirPath = "";
			projectRoot = "";
			targets = (
				32A4FEB80562C75700D090E7 /* Watch */,
				DF7F26670F04D5AC0084F62D /* WatchConsole */,
				DFE2F8FD10E61487008E71F5 /* AppTest */,
			);
		};
/* End PBXProject section */

/* Begin PBXResourcesBuildPhase section */
		32A4FEBB0562C75700D090E7 /* Resources */ = {
			isa = PBXResourcesBuildPhase;
			buildActionMask = 2147483647;
			files = (
				DFE2F8C810E61242008E71F5 /* InfoPlist.strings in Resources */,
				DFE2F8CB10E61242008E71F5 /* Info.plist in Resources */,
			);
			runOnlyForDeploymentPostprocessing = 0;
		};
		DFE2F8FA10E61487008E71F5 /* Resources */ = {
			isa = PBXResourcesBuildPhase;
			buildActionMask = 2147483647;
			files = (
				DFE2F90F10E6150F008E71F5 /* Info.plist in Resources */,
				DFE2F91310E61572008E71F5 /* Main.xib in Resources */,
			);
			runOnlyForDeploymentPostprocessing = 0;
		};
/* End PBXResourcesBuildPhase section */

/* Begin PBXRezBuildPhase section */
		32A4FEC00562C75700D090E7 /* Rez */ = {
			isa = PBXRezBuildPhase;
			buildActionMask = 2147483647;
			files = (
			);
			runOnlyForDeploymentPostprocessing = 0;
		};
/* End PBXRezBuildPhase section */

/* Begin PBXSourcesBuildPhase section */
		32A4FEBD0562C75700D090E7 /* Sources */ = {
			isa = PBXSourcesBuildPhase;
			buildActionMask = 2147483647;
			files = (
				DFE2F8C210E61242008E71F5 /* application.cpp in Sources */,
				DFE2F8C410E61242008E71F5 /* client.cpp in Sources */,
				DFE2F8C610E61242008E71F5 /* cookie.cpp in Sources */,
				DFE2F8C910E61242008E71F5 /* firewall.cpp in Sources */,
				DFE2F8CC10E61242008E71F5 /* messages.cpp in Sources */,
				DFE2F8CE10E61242008E71F5 /* rule.cpp in Sources */,
				DFE2F8D010E61242008E71F5 /* simpleBase.cpp in Sources */,
				DFE2F8D210E61242008E71F5 /* watch.cpp in Sources */,
			);
			runOnlyForDeploymentPostprocessing = 0;
		};
		DF7F26650F04D5AC0084F62D /* Sources */ = {
			isa = PBXSourcesBuildPhase;
			buildActionMask = 2147483647;
			files = (
				DFE2F8DB10E61276008E71F5 /* Console.cpp in Sources */,
				DFE2F8F510E6143D008E71F5 /* ServerConnection.cpp in Sources */,
			);
			runOnlyForDeploymentPostprocessing = 0;
		};
		DFE2F8FB10E61487008E71F5 /* Sources */ = {
			isa = PBXSourcesBuildPhase;
			buildActionMask = 2147483647;
			files = (
			);
			runOnlyForDeploymentPostprocessing = 0;
		};
/* End PBXSourcesBuildPhase section */

/* Begin PBXVariantGroup section */
		DFE2F8B610E61242008E71F5 /* InfoPlist.strings */ = {
			isa = PBXVariantGroup;
			children = (
				DFE2F8B710E61242008E71F5 /* English */,
			);
			name = InfoPlist.strings;
			sourceTree = "<group>";
		};
/* End PBXVariantGroup section */

/* Begin XCBuildConfiguration section */
		1DEB91C408733DAC0010E9CD /* Debug */ = {
			isa = XCBuildConfiguration;
			buildSettings = {
				ALWAYS_SEARCH_USER_PATHS = NO;
				COPY_PHASE_STRIP = NO;
				GCC_DYNAMIC_NO_PIC = NO;
				GCC_ENABLE_OBJC_EXCEPTIONS = NO;
				GCC_MODEL_TUNING = G5;
				GCC_OPTIMIZATION_LEVEL = 0;
				INFOPLIST_FILE = ./Kext/Info.plist;
				INSTALL_PATH = "$(SYSTEM_LIBRARY_DIR)/Extensions";
				MODULE_NAME = com.janbird.watch;
				MODULE_START = watch_start;
				MODULE_STOP = watch_stop;
				MODULE_VERSION = 1.0.0;
				PRODUCT_NAME = Watch;
				STANDARD_C_PLUS_PLUS_LIBRARY_TYPE = dynamic;
				WRAPPER_EXTENSION = kext;
			};
			name = Debug;
		};
		1DEB91C508733DAC0010E9CD /* Release */ = {
			isa = XCBuildConfiguration;
			buildSettings = {
				ALWAYS_SEARCH_USER_PATHS = NO;
				DEBUG_INFORMATION_FORMAT = "dwarf-with-dsym";
				GCC_ENABLE_FLOATING_POINT_LIBRARY_CALLS = NO;
				GCC_ENABLE_OBJC_EXCEPTIONS = NO;
				GCC_GENERATE_DEBUGGING_SYMBOLS = NO;
				GCC_MODEL_TUNING = "";
				GCC_USE_INDIRECT_FUNCTION_CALLS = YES;
				GCC_VERSION = 4.2;
				INFOPLIST_FILE = ./Kext/Info.plist;
				INSTALL_PATH = "$(SYSTEM_LIBRARY_DIR)/Extensions";
				MODULE_NAME = com.janbird.watch;
				MODULE_START = watch_start;
				MODULE_STOP = watch_stop;
				MODULE_VERSION = 1.0.0;
				ONLY_ACTIVE_ARCH = YES;
				PRODUCT_NAME = Watch;
				STANDARD_C_PLUS_PLUS_LIBRARY_TYPE = dynamic;
				WRAPPER_EXTENSION = kext;
			};
			name = Release;
		};
		1DEB91C808733DAC0010E9CD /* Debug */ = {
			isa = XCBuildConfiguration;
			buildSettings = {
				ARCHS = "$(ARCHS_STANDARD_32_BIT)";
				GCC_C_LANGUAGE_STANDARD = c99;
				GCC_ENABLE_CPP_EXCEPTIONS = NO;
				GCC_ENABLE_CPP_RTTI = NO;
				GCC_ENABLE_KERNEL_DEVELOPMENT = YES;
				GCC_ENABLE_OBJC_EXCEPTIONS = NO;
				GCC_FAST_OBJC_DISPATCH = NO;
				GCC_OPTIMIZATION_LEVEL = 0;
				GCC_VERSION = 4.2;
				GCC_WARN_ABOUT_RETURN_TYPE = YES;
				GCC_WARN_UNUSED_VARIABLE = YES;
				INFOPLIST_PREPROCESS = YES;
				LINK_WITH_STANDARD_LIBRARIES = NO;
				ONLY_ACTIVE_ARCH = YES;
				PREBINDING = NO;
				SDKROOT = macosx10.5;
				STANDARD_C_PLUS_PLUS_LIBRARY_TYPE = static;
			};
			name = Debug;
		};
		1DEB91C908733DAC0010E9CD /* Release */ = {
			isa = XCBuildConfiguration;
			buildSettings = {
				ARCHS = "$(ARCHS_STANDARD_32_BIT)";
				GCC_C_LANGUAGE_STANDARD = c99;
				GCC_WARN_ABOUT_RETURN_TYPE = YES;
				GCC_WARN_UNUSED_VARIABLE = YES;
				PREBINDING = NO;
				SDKROOT = macosx10.5;
			};
			name = Release;
		};
		DF7F266A0F04D5AD0084F62D /* Debug */ = {
			isa = XCBuildConfiguration;
			buildSettings = {
				ALWAYS_SEARCH_USER_PATHS = NO;
				COPY_PHASE_STRIP = NO;
				GCC_DYNAMIC_NO_PIC = NO;
				GCC_ENABLE_FIX_AND_CONTINUE = YES;
				GCC_MODEL_TUNING = G5;
				GCC_OPTIMIZATION_LEVEL = 0;
				GCC_VERSION = 4.2;
				INSTALL_PATH = /usr/local/bin;
				LINK_WITH_STANDARD_LIBRARIES = YES;
				PREBINDING = NO;
				PRODUCT_NAME = WatchConsole;
				STANDARD_C_PLUS_PLUS_LIBRARY_TYPE = dynamic;
			};
			name = Debug;
		};
		DF7F266B0F04D5AD0084F62D /* Release */ = {
			isa = XCBuildConfiguration;
			buildSettings = {
				ALWAYS_SEARCH_USER_PATHS = NO;
				COPY_PHASE_STRIP = YES;
				DEBUG_INFORMATION_FORMAT = "dwarf-with-dsym";
				GCC_ENABLE_FIX_AND_CONTINUE = NO;
				GCC_MODEL_TUNING = G5;
				GCC_VERSION = 4.2;
				ICC_OPT_IPO_FOR_SINGLE_FILE_COMPILATION = YES;
				ICC_OPT_USE_ARCH_IA32 = SSE41;
				INSTALL_PATH = /usr/local/bin;
				PREBINDING = NO;
				PRODUCT_NAME = WatchConsole;
				ZERO_LINK = NO;
			};
			name = Release;
		};
		DFE2F90110E61488008E71F5 /* Debug */ = {
			isa = XCBuildConfiguration;
			buildSettings = {
				ALWAYS_SEARCH_USER_PATHS = NO;
				COPY_PHASE_STRIP = NO;
				GCC_DYNAMIC_NO_PIC = NO;
				GCC_ENABLE_FIX_AND_CONTINUE = YES;
				GCC_MODEL_TUNING = G5;
				GCC_OPTIMIZATION_LEVEL = 0;
				GCC_PRECOMPILE_PREFIX_HEADER = YES;
				GCC_PREFIX_HEADER = "$(SYSTEM_LIBRARY_DIR)/Frameworks/AppKit.framework/Headers/AppKit.h";
				INFOPLIST_FILE = ./AppTest/Info.plist;
				INSTALL_PATH = "$(HOME)/Applications";
				OTHER_LDFLAGS = (
					"-framework",
					Foundation,
					"-framework",
					AppKit,
				);
				PREBINDING = NO;
				PRODUCT_NAME = AppTest;
			};
			name = Debug;
		};
		DFE2F90210E61488008E71F5 /* Release */ = {
			isa = XCBuildConfiguration;
			buildSettings = {
				ALWAYS_SEARCH_USER_PATHS = NO;
				COPY_PHASE_STRIP = YES;
				DEBUG_INFORMATION_FORMAT = "dwarf-with-dsym";
				GCC_ENABLE_FIX_AND_CONTINUE = NO;
				GCC_MODEL_TUNING = G5;
				GCC_PRECOMPILE_PREFIX_HEADER = YES;
				GCC_PREFIX_HEADER = "$(SYSTEM_LIBRARY_DIR)/Frameworks/AppKit.framework/Headers/AppKit.h";
				INFOPLIST_FILE = ./AppTest/Info.plist;
				INSTALL_PATH = "$(HOME)/Applications";
				OTHER_LDFLAGS = (
					"-framework",
					Foundation,
					"-framework",
					AppKit,
				);
				PREBINDING = NO;
				PRODUCT_NAME = AppTest;
				ZERO_LINK = NO;
			};
			name = Release;
		};
/* End XCBuildConfiguration section */

/* Begin XCConfigurationList section */
		1DEB91C308733DAC0010E9CD /* Build configuration list for PBXNativeTarget "Watch" */ = {
			isa = XCConfigurationList;
			buildConfigurations = (
				1DEB91C408733DAC0010E9CD /* Debug */,
				1DEB91C508733DAC0010E9CD /* Release */,
			);
			defaultConfigurationIsVisible = 0;
			defaultConfigurationName = Release;
		};
		1DEB91C708733DAC0010E9CD /* Build configuration list for PBXProject "Watch" */ = {
			isa = XCConfigurationList;
			buildConfigurations = (
				1DEB91C808733DAC0010E9CD /* Debug */,
				1DEB91C908733DAC0010E9CD /* Release */,
			);
			defaultConfigurationIsVisible = 0;
			defaultConfigurationName = Release;
		};
		DF7F266C0F04D5CB0084F62D /* Build configuration list for PBXNativeTarget "WatchConsole" */ = {
			isa = XCConfigurationList;
			buildConfigurations = (
				DF7F266A0F04D5AD0084F62D /* Debug */,
				DF7F266B0F04D5AD0084F62D /* Release */,
			);
			defaultConfigurationIsVisible = 0;
			defaultConfigurationName = Release;
		};
		DFE2F90310E61488008E71F5 /* Build configuration list for PBXNativeTarget "AppTest" */ = {
			isa = XCConfigurationList;
			buildConfigurations = (
				DFE2F90110E61488008E71F5 /* Debug */,
				DFE2F90210E61488008E71F5 /* Release */,
			);
			defaultConfigurationIsVisible = 0;
			defaultConfigurationName = Release;
		};
/* End XCConfigurationList section */
	};
	rootObject = 089C1669FE841209C02AAC07 /* Project object */;
}
